
Microsoft Visual Studio Solution File, Format Version 12.00
# Visual Studio Version 17
VisualStudioVersion = 17.4.33122.133
MinimumVisualStudioVersion = 10.0.40219.1
Project("{9A19103F-16F7-4668-BE54-9A1E7A4F7556}") = "SimCity", "Game\SimCity.csproj", "{8127160C-9CB8-4550-87B1-6BFA178227FF}"
EndProject
Project("{9A19103F-16F7-4668-BE54-9A1E7A4F7556}") = "SimCityTests", "Test\SimCityTests\SimCityTests.csproj", "{0D1D80D6-6C38-4AEB-8B69-30B3797D45DB}"
EndProject
Global
	GlobalSection(SolutionConfigurationPlatforms) = preSolution
		Debug|Any CPU = Debug|Any CPU
		Release|Any CPU = Release|Any CPU
	EndGlobalSection
	GlobalSection(ProjectConfigurationPlatforms) = postSolution
		{8127160C-9CB8-4550-87B1-6BFA178227FF}.Debug|Any CPU.ActiveCfg = Debug|Any CPU
		{8127160C-9CB8-4550-87B1-6BFA178227FF}.Debug|Any CPU.Build.0 = Debug|Any CPU
		{8127160C-9CB8-4550-87B1-6BFA178227FF}.Release|Any CPU.ActiveCfg = Release|Any CPU
		{8127160C-9CB8-4550-87B1-6BFA178227FF}.Release|Any CPU.Build.0 = Release|Any CPU
		{0D1D80D6-6C38-4AEB-8B69-30B3797D45DB}.Debug|Any CPU.ActiveCfg = Debug|Any CPU
		{0D1D80D6-6C38-4AEB-8B69-30B3797D45DB}.Debug|Any CPU.Build.0 = Debug|Any CPU
		{0D1D80D6-6C38-4AEB-8B69-30B3797D45DB}.Release|Any CPU.ActiveCfg = Release|Any CPU
		{0D1D80D6-6C38-4AEB-8B69-30B3797D45DB}.Release|Any CPU.Build.0 = Release|Any CPU
	EndGlobalSection
	GlobalSection(SolutionProperties) = preSolution
		HideSolutionNode = FALSE
	EndGlobalSection
	GlobalSection(ExtensibilityGlobals) = postSolution
		SolutionGuid = {836CA124-DEF0-4E19-90AC-92AC0BC29039}
	EndGlobalSection
EndGlobal
